
Microsoft Visual Studio Solution File, Format Version 12.00
# Visual Studio 15
VisualStudioVersion = 15.0.27004.2002
MinimumVisualStudioVersion = 10.0.40219.1
Project("{FAE04EC0-301F-11D3-BF4B-00C04F79EFBC}") = "information data", "information data\information data.csproj", "{F505FC7F-DCCE-4537-961A-DFE8FBB68A05}"
EndProject
Global
	GlobalSection(SolutionConfigurationPlatforms) = preSolution
		Debug|Any CPU = Debug|Any CPU
		Release|Any CPU = Release|Any CPU
	EndGlobalSection
	GlobalSection(ProjectConfigurationPlatforms) = postSolution
		{F505FC7F-DCCE-4537-961A-DFE8FBB68A05}.Debug|Any CPU.ActiveCfg = Debug|Any CPU
		{F505FC7F-DCCE-4537-961A-DFE8FBB68A05}.Debug|Any CPU.Build.0 = Debug|Any CPU
		{F505FC7F-DCCE-4537-961A-DFE8FBB68A05}.Release|Any CPU.ActiveCfg = Release|Any CPU
		{F505FC7F-DCCE-4537-961A-DFE8FBB68A05}.Release|Any CPU.Build.0 = Release|Any CPU
	EndGlobalSection
	GlobalSection(SolutionProperties) = preSolution
		HideSolutionNode = FALSE
	EndGlobalSection
	GlobalSection(ExtensibilityGlobals) = postSolution
		SolutionGuid = {765E5025-4FB2-4B1E-AAE1-1002A6DD79AA}
	EndGlobalSection
EndGlobal
